// !$*UTF8*$!
{
	archiveVersion = 1;
	classes = {
	};
	objectVersion = 56;
	objects = {

/* Begin PBXBuildFile section */
		1423EE5529970AF800D4B59E /* Extension+Bundle.swift in Sources */ = {isa = PBXBuildFile; fileRef = 1423EE5429970AF800D4B59E /* Extension+Bundle.swift */; };
		1423EE7429970F8900D4B59E /* Endpoint.swift in Sources */ = {isa = PBXBuildFile; fileRef = 147ED4F4299496AC0021332D /* Endpoint.swift */; };
		1423EE7529970F8900D4B59E /* Exchanges.swift in Sources */ = {isa = PBXBuildFile; fileRef = 147ED4F0299495DB0021332D /* Exchanges.swift */; };
		1423EE7629970F8900D4B59E /* Extension+Bundle.swift in Sources */ = {isa = PBXBuildFile; fileRef = 1423EE5429970AF800D4B59E /* Extension+Bundle.swift */; };
		1423EE7729970F8900D4B59E /* Extension+UIView.swift in Sources */ = {isa = PBXBuildFile; fileRef = 147ED4FD2994B19F0021332D /* Extension+UIView.swift */; };
		1423EE7829970F8900D4B59E /* AlertViewModel.swift in Sources */ = {isa = PBXBuildFile; fileRef = 147ED50B29953FF30021332D /* AlertViewModel.swift */; };
		1423EE7929970F8900D4B59E /* MainViewController.swift in Sources */ = {isa = PBXBuildFile; fileRef = 147ED4BE299494280021332D /* MainViewController.swift */; };
		1423EE7A29970F8900D4B59E /* AppDelegate.swift in Sources */ = {isa = PBXBuildFile; fileRef = 147ED4BA299494280021332D /* AppDelegate.swift */; };
		1423EE7B29970F8900D4B59E /* ErrorHandler.swift in Sources */ = {isa = PBXBuildFile; fileRef = 147ED50D2995422B0021332D /* ErrorHandler.swift */; };
		1423EE7C29970F8900D4B59E /* ErrorView.swift in Sources */ = {isa = PBXBuildFile; fileRef = 147ED510299547960021332D /* ErrorView.swift */; };
		1423EE7D29970F8900D4B59E /* BitcoinListTableViewCell.swift in Sources */ = {isa = PBXBuildFile; fileRef = 147ED5002994B60A0021332D /* BitcoinListTableViewCell.swift */; };
		1423EE7E29970F8900D4B59E /* BitcoinListViewModel.swift in Sources */ = {isa = PBXBuildFile; fileRef = 147ED4FA2994AE9E0021332D /* BitcoinListViewModel.swift */; };
		1423EE7F29970F8900D4B59E /* Extension+UITableView.swift in Sources */ = {isa = PBXBuildFile; fileRef = 147ED5022994B6450021332D /* Extension+UITableView.swift */; };
		1423EE8029970F8900D4B59E /* Extension+UIViewController.swift in Sources */ = {isa = PBXBuildFile; fileRef = 147ED5042994BA560021332D /* Extension+UIViewController.swift */; };
		1423EE8129970F8900D4B59E /* NetworkError.swift in Sources */ = {isa = PBXBuildFile; fileRef = 147ED4F3299496AC0021332D /* NetworkError.swift */; };
		1423EE8229970F8900D4B59E /* SceneDelegate.swift in Sources */ = {isa = PBXBuildFile; fileRef = 147ED4BC299494280021332D /* SceneDelegate.swift */; };
		1423EE8329970F8900D4B59E /* DetailsView.swift in Sources */ = {isa = PBXBuildFile; fileRef = 147ED5092995395A0021332D /* DetailsView.swift */; };
		1423EE8529970F8900D4B59E /* BitcoinListView.swift in Sources */ = {isa = PBXBuildFile; fileRef = 147ED4F82994A9AA0021332D /* BitcoinListView.swift */; };
		1423EE8629970F8900D4B59E /* DetailViewController.swift in Sources */ = {isa = PBXBuildFile; fileRef = 147ED5062994CB7A0021332D /* DetailViewController.swift */; };
		1423EE8929970F8900D4B59E /* LaunchScreen.storyboard in Resources */ = {isa = PBXBuildFile; fileRef = 147ED4C52994942A0021332D /* LaunchScreen.storyboard */; };
		1423EE8A29970F8900D4B59E /* Assets.xcassets in Resources */ = {isa = PBXBuildFile; fileRef = 147ED4C32994942A0021332D /* Assets.xcassets */; };
		142EE11E2A15CF66009191D8 /* BaseViewController.swift in Sources */ = {isa = PBXBuildFile; fileRef = 14460B6A2A15A7BA00C4DA54 /* BaseViewController.swift */; };
		14460B6B2A15A7BA00C4DA54 /* BaseViewController.swift in Sources */ = {isa = PBXBuildFile; fileRef = 14460B6A2A15A7BA00C4DA54 /* BaseViewController.swift */; };
		14460B762A15BFB400C4DA54 /* MercadoBitcoinSnapshotTests.swift in Sources */ = {isa = PBXBuildFile; fileRef = 14460B752A15BFB400C4DA54 /* MercadoBitcoinSnapshotTests.swift */; };
		1449474F29971230004BA665 /* NetworkProvider.swift in Sources */ = {isa = PBXBuildFile; fileRef = 147ED4F2299496AC0021332D /* NetworkProvider.swift */; };
		144947502997125B004BA665 /* NetworkProvider.swift in Sources */ = {isa = PBXBuildFile; fileRef = 1423EE9129970FF300D4B59E /* NetworkProvider.swift */; };
		147ED4BB299494280021332D /* AppDelegate.swift in Sources */ = {isa = PBXBuildFile; fileRef = 147ED4BA299494280021332D /* AppDelegate.swift */; };
		147ED4BD299494280021332D /* SceneDelegate.swift in Sources */ = {isa = PBXBuildFile; fileRef = 147ED4BC299494280021332D /* SceneDelegate.swift */; };
		147ED4BF299494280021332D /* MainViewController.swift in Sources */ = {isa = PBXBuildFile; fileRef = 147ED4BE299494280021332D /* MainViewController.swift */; };
		147ED4C42994942A0021332D /* Assets.xcassets in Resources */ = {isa = PBXBuildFile; fileRef = 147ED4C32994942A0021332D /* Assets.xcassets */; };
		147ED4C72994942A0021332D /* LaunchScreen.storyboard in Resources */ = {isa = PBXBuildFile; fileRef = 147ED4C52994942A0021332D /* LaunchScreen.storyboard */; };
		147ED4D22994942A0021332D /* MercadoBitcoinTests.swift in Sources */ = {isa = PBXBuildFile; fileRef = 147ED4D12994942A0021332D /* MercadoBitcoinTests.swift */; };
		147ED4DC2994942A0021332D /* MercadoBitcoinUITests.swift in Sources */ = {isa = PBXBuildFile; fileRef = 147ED4DB2994942A0021332D /* MercadoBitcoinUITests.swift */; };
		147ED4DE2994942A0021332D /* MercadoBitcoinUITestsLaunchTests.swift in Sources */ = {isa = PBXBuildFile; fileRef = 147ED4DD2994942A0021332D /* MercadoBitcoinUITestsLaunchTests.swift */; };
		147ED4F1299495DB0021332D /* Exchanges.swift in Sources */ = {isa = PBXBuildFile; fileRef = 147ED4F0299495DB0021332D /* Exchanges.swift */; };
		147ED4F6299496AD0021332D /* NetworkError.swift in Sources */ = {isa = PBXBuildFile; fileRef = 147ED4F3299496AC0021332D /* NetworkError.swift */; };
		147ED4F7299496AD0021332D /* Endpoint.swift in Sources */ = {isa = PBXBuildFile; fileRef = 147ED4F4299496AC0021332D /* Endpoint.swift */; };
		147ED4F92994A9AA0021332D /* BitcoinListView.swift in Sources */ = {isa = PBXBuildFile; fileRef = 147ED4F82994A9AA0021332D /* BitcoinListView.swift */; };
		147ED4FB2994AE9E0021332D /* BitcoinListViewModel.swift in Sources */ = {isa = PBXBuildFile; fileRef = 147ED4FA2994AE9E0021332D /* BitcoinListViewModel.swift */; };
		147ED4FE2994B19F0021332D /* Extension+UIView.swift in Sources */ = {isa = PBXBuildFile; fileRef = 147ED4FD2994B19F0021332D /* Extension+UIView.swift */; };
		147ED5012994B60A0021332D /* BitcoinListTableViewCell.swift in Sources */ = {isa = PBXBuildFile; fileRef = 147ED5002994B60A0021332D /* BitcoinListTableViewCell.swift */; };
		147ED5032994B6450021332D /* Extension+UITableView.swift in Sources */ = {isa = PBXBuildFile; fileRef = 147ED5022994B6450021332D /* Extension+UITableView.swift */; };
		147ED5052994BA560021332D /* Extension+UIViewController.swift in Sources */ = {isa = PBXBuildFile; fileRef = 147ED5042994BA560021332D /* Extension+UIViewController.swift */; };
		147ED5072994CB7A0021332D /* DetailViewController.swift in Sources */ = {isa = PBXBuildFile; fileRef = 147ED5062994CB7A0021332D /* DetailViewController.swift */; };
		147ED50A2995395A0021332D /* DetailsView.swift in Sources */ = {isa = PBXBuildFile; fileRef = 147ED5092995395A0021332D /* DetailsView.swift */; };
		147ED50C29953FF30021332D /* AlertViewModel.swift in Sources */ = {isa = PBXBuildFile; fileRef = 147ED50B29953FF30021332D /* AlertViewModel.swift */; };
		147ED50E2995422B0021332D /* ErrorHandler.swift in Sources */ = {isa = PBXBuildFile; fileRef = 147ED50D2995422B0021332D /* ErrorHandler.swift */; };
		147ED511299547960021332D /* ErrorView.swift in Sources */ = {isa = PBXBuildFile; fileRef = 147ED510299547960021332D /* ErrorView.swift */; };
		21CE14F9EBB6588754B030FF /* Pods_MercadoBitcoin.framework in Frameworks */ = {isa = PBXBuildFile; fileRef = 264E10079BFAFCBB103CC34D /* Pods_MercadoBitcoin.framework */; };
		24A3FBF5E2AB54709E8123DA /* Pods_MercadoBitcoinTests.framework in Frameworks */ = {isa = PBXBuildFile; fileRef = F23265F828D494744946CC4E /* Pods_MercadoBitcoinTests.framework */; };
		26212B37382B3C7C51D40765 /* Pods_MercadoBitcoinMock.framework in Frameworks */ = {isa = PBXBuildFile; fileRef = E96466DF88F7CFF9EDC3304E /* Pods_MercadoBitcoinMock.framework */; };
		BE373EEE3CF53AB7F0169AF3 /* Pods_MercadoBitcoin_MercadoBitcoinUITests.framework in Frameworks */ = {isa = PBXBuildFile; fileRef = E7D830A5C32F6D0BE8D276C3 /* Pods_MercadoBitcoin_MercadoBitcoinUITests.framework */; };
/* End PBXBuildFile section */

/* Begin PBXContainerItemProxy section */
		1449475129972B51004BA665 /* PBXContainerItemProxy */ = {
			isa = PBXContainerItemProxy;
			containerPortal = 147ED4AF299494270021332D /* Project object */;
			proxyType = 1;
			remoteGlobalIDString = 1423EE7229970F8900D4B59E;
			remoteInfo = MercadoBitcoinMock;
		};
		14494753299732D0004BA665 /* PBXContainerItemProxy */ = {
			isa = PBXContainerItemProxy;
			containerPortal = 147ED4AF299494270021332D /* Project object */;
			proxyType = 1;
			remoteGlobalIDString = 1423EE7229970F8900D4B59E;
			remoteInfo = MercadoBitcoinMock;
		};
		147ED4CE2994942A0021332D /* PBXContainerItemProxy */ = {
			isa = PBXContainerItemProxy;
			containerPortal = 147ED4AF299494270021332D /* Project object */;
			proxyType = 1;
			remoteGlobalIDString = 147ED4B6299494280021332D;
			remoteInfo = MercadoBitcoin;
		};
		147ED4D82994942A0021332D /* PBXContainerItemProxy */ = {
			isa = PBXContainerItemProxy;
			containerPortal = 147ED4AF299494270021332D /* Project object */;
			proxyType = 1;
			remoteGlobalIDString = 147ED4B6299494280021332D;
			remoteInfo = MercadoBitcoin;
		};
/* End PBXContainerItemProxy section */

/* Begin PBXFileReference section */
		1423EE5429970AF800D4B59E /* Extension+Bundle.swift */ = {isa = PBXFileReference; lastKnownFileType = sourcecode.swift; path = "Extension+Bundle.swift"; sourceTree = "<group>"; };
		1423EE8E29970F8900D4B59E /* MercadoBitcoinMock.app */ = {isa = PBXFileReference; explicitFileType = wrapper.application; includeInIndex = 0; path = MercadoBitcoinMock.app; sourceTree = BUILT_PRODUCTS_DIR; };
		1423EE9129970FF300D4B59E /* NetworkProvider.swift */ = {isa = PBXFileReference; lastKnownFileType = sourcecode.swift; path = NetworkProvider.swift; sourceTree = "<group>"; };
		14460B6A2A15A7BA00C4DA54 /* BaseViewController.swift */ = {isa = PBXFileReference; lastKnownFileType = sourcecode.swift; path = BaseViewController.swift; sourceTree = "<group>"; };
		14460B752A15BFB400C4DA54 /* MercadoBitcoinSnapshotTests.swift */ = {isa = PBXFileReference; lastKnownFileType = sourcecode.swift; path = MercadoBitcoinSnapshotTests.swift; sourceTree = "<group>"; };
		147ED4B7299494280021332D /* MercadoBitcoin.app */ = {isa = PBXFileReference; explicitFileType = wrapper.application; includeInIndex = 0; path = MercadoBitcoin.app; sourceTree = BUILT_PRODUCTS_DIR; };
		147ED4BA299494280021332D /* AppDelegate.swift */ = {isa = PBXFileReference; lastKnownFileType = sourcecode.swift; path = AppDelegate.swift; sourceTree = "<group>"; };
		147ED4BC299494280021332D /* SceneDelegate.swift */ = {isa = PBXFileReference; lastKnownFileType = sourcecode.swift; path = SceneDelegate.swift; sourceTree = "<group>"; };
		147ED4BE299494280021332D /* MainViewController.swift */ = {isa = PBXFileReference; lastKnownFileType = sourcecode.swift; path = MainViewController.swift; sourceTree = "<group>"; };
		147ED4C32994942A0021332D /* Assets.xcassets */ = {isa = PBXFileReference; lastKnownFileType = folder.assetcatalog; path = Assets.xcassets; sourceTree = "<group>"; };
		147ED4C62994942A0021332D /* Base */ = {isa = PBXFileReference; lastKnownFileType = file.storyboard; name = Base; path = Base.lproj/LaunchScreen.storyboard; sourceTree = "<group>"; };
		147ED4C82994942A0021332D /* Info.plist */ = {isa = PBXFileReference; lastKnownFileType = text.plist.xml; path = Info.plist; sourceTree = "<group>"; };
		147ED4CD2994942A0021332D /* MercadoBitcoinTests.xctest */ = {isa = PBXFileReference; explicitFileType = wrapper.cfbundle; includeInIndex = 0; path = MercadoBitcoinTests.xctest; sourceTree = BUILT_PRODUCTS_DIR; };
		147ED4D12994942A0021332D /* MercadoBitcoinTests.swift */ = {isa = PBXFileReference; lastKnownFileType = sourcecode.swift; path = MercadoBitcoinTests.swift; sourceTree = "<group>"; };
		147ED4D72994942A0021332D /* MercadoBitcoinUITests.xctest */ = {isa = PBXFileReference; explicitFileType = wrapper.cfbundle; includeInIndex = 0; path = MercadoBitcoinUITests.xctest; sourceTree = BUILT_PRODUCTS_DIR; };
		147ED4DB2994942A0021332D /* MercadoBitcoinUITests.swift */ = {isa = PBXFileReference; lastKnownFileType = sourcecode.swift; path = MercadoBitcoinUITests.swift; sourceTree = "<group>"; };
		147ED4DD2994942A0021332D /* MercadoBitcoinUITestsLaunchTests.swift */ = {isa = PBXFileReference; lastKnownFileType = sourcecode.swift; path = MercadoBitcoinUITestsLaunchTests.swift; sourceTree = "<group>"; };
		147ED4F0299495DB0021332D /* Exchanges.swift */ = {isa = PBXFileReference; lastKnownFileType = sourcecode.swift; path = Exchanges.swift; sourceTree = "<group>"; };
		147ED4F2299496AC0021332D /* NetworkProvider.swift */ = {isa = PBXFileReference; fileEncoding = 4; lastKnownFileType = sourcecode.swift; path = NetworkProvider.swift; sourceTree = "<group>"; };
		147ED4F3299496AC0021332D /* NetworkError.swift */ = {isa = PBXFileReference; fileEncoding = 4; lastKnownFileType = sourcecode.swift; path = NetworkError.swift; sourceTree = "<group>"; };
		147ED4F4299496AC0021332D /* Endpoint.swift */ = {isa = PBXFileReference; fileEncoding = 4; lastKnownFileType = sourcecode.swift; path = Endpoint.swift; sourceTree = "<group>"; };
		147ED4F82994A9AA0021332D /* BitcoinListView.swift */ = {isa = PBXFileReference; lastKnownFileType = sourcecode.swift; path = BitcoinListView.swift; sourceTree = "<group>"; };
		147ED4FA2994AE9E0021332D /* BitcoinListViewModel.swift */ = {isa = PBXFileReference; lastKnownFileType = sourcecode.swift; path = BitcoinListViewModel.swift; sourceTree = "<group>"; };
		147ED4FD2994B19F0021332D /* Extension+UIView.swift */ = {isa = PBXFileReference; lastKnownFileType = sourcecode.swift; path = "Extension+UIView.swift"; sourceTree = "<group>"; };
		147ED5002994B60A0021332D /* BitcoinListTableViewCell.swift */ = {isa = PBXFileReference; lastKnownFileType = sourcecode.swift; path = BitcoinListTableViewCell.swift; sourceTree = "<group>"; };
		147ED5022994B6450021332D /* Extension+UITableView.swift */ = {isa = PBXFileReference; lastKnownFileType = sourcecode.swift; path = "Extension+UITableView.swift"; sourceTree = "<group>"; };
		147ED5042994BA560021332D /* Extension+UIViewController.swift */ = {isa = PBXFileReference; lastKnownFileType = sourcecode.swift; path = "Extension+UIViewController.swift"; sourceTree = "<group>"; };
		147ED5062994CB7A0021332D /* DetailViewController.swift */ = {isa = PBXFileReference; lastKnownFileType = sourcecode.swift; path = DetailViewController.swift; sourceTree = "<group>"; };
		147ED5092995395A0021332D /* DetailsView.swift */ = {isa = PBXFileReference; lastKnownFileType = sourcecode.swift; path = DetailsView.swift; sourceTree = "<group>"; };
		147ED50B29953FF30021332D /* AlertViewModel.swift */ = {isa = PBXFileReference; lastKnownFileType = sourcecode.swift; path = AlertViewModel.swift; sourceTree = "<group>"; };
		147ED50D2995422B0021332D /* ErrorHandler.swift */ = {isa = PBXFileReference; lastKnownFileType = sourcecode.swift; path = ErrorHandler.swift; sourceTree = "<group>"; };
		147ED510299547960021332D /* ErrorView.swift */ = {isa = PBXFileReference; lastKnownFileType = sourcecode.swift; path = ErrorView.swift; sourceTree = "<group>"; };
		264E10079BFAFCBB103CC34D /* Pods_MercadoBitcoin.framework */ = {isa = PBXFileReference; explicitFileType = wrapper.framework; includeInIndex = 0; path = Pods_MercadoBitcoin.framework; sourceTree = BUILT_PRODUCTS_DIR; };
		780256F1C8B0633C3EB55AA6 /* Pods-MercadoBitcoin-MercadoBitcoinUITests.debug.xcconfig */ = {isa = PBXFileReference; includeInIndex = 1; lastKnownFileType = text.xcconfig; name = "Pods-MercadoBitcoin-MercadoBitcoinUITests.debug.xcconfig"; path = "Target Support Files/Pods-MercadoBitcoin-MercadoBitcoinUITests/Pods-MercadoBitcoin-MercadoBitcoinUITests.debug.xcconfig"; sourceTree = "<group>"; };
		9F13EE45F7F0D7E94DF7E898 /* Pods-MercadoBitcoin.debug.xcconfig */ = {isa = PBXFileReference; includeInIndex = 1; lastKnownFileType = text.xcconfig; name = "Pods-MercadoBitcoin.debug.xcconfig"; path = "Target Support Files/Pods-MercadoBitcoin/Pods-MercadoBitcoin.debug.xcconfig"; sourceTree = "<group>"; };
		C55D1393B89DD85BDC2F8B5E /* Pods-MercadoBitcoinTests.debug.xcconfig */ = {isa = PBXFileReference; includeInIndex = 1; lastKnownFileType = text.xcconfig; name = "Pods-MercadoBitcoinTests.debug.xcconfig"; path = "Target Support Files/Pods-MercadoBitcoinTests/Pods-MercadoBitcoinTests.debug.xcconfig"; sourceTree = "<group>"; };
		E1B7BF80F870B8E1A262A60A /* Pods-MercadoBitcoinMock.debug.xcconfig */ = {isa = PBXFileReference; includeInIndex = 1; lastKnownFileType = text.xcconfig; name = "Pods-MercadoBitcoinMock.debug.xcconfig"; path = "Target Support Files/Pods-MercadoBitcoinMock/Pods-MercadoBitcoinMock.debug.xcconfig"; sourceTree = "<group>"; };
		E6A364A61CC282CBF3030A97 /* Pods-MercadoBitcoinTests.release.xcconfig */ = {isa = PBXFileReference; includeInIndex = 1; lastKnownFileType = text.xcconfig; name = "Pods-MercadoBitcoinTests.release.xcconfig"; path = "Target Support Files/Pods-MercadoBitcoinTests/Pods-MercadoBitcoinTests.release.xcconfig"; sourceTree = "<group>"; };
		E7D830A5C32F6D0BE8D276C3 /* Pods_MercadoBitcoin_MercadoBitcoinUITests.framework */ = {isa = PBXFileReference; explicitFileType = wrapper.framework; includeInIndex = 0; path = Pods_MercadoBitcoin_MercadoBitcoinUITests.framework; sourceTree = BUILT_PRODUCTS_DIR; };
		E96466DF88F7CFF9EDC3304E /* Pods_MercadoBitcoinMock.framework */ = {isa = PBXFileReference; explicitFileType = wrapper.framework; includeInIndex = 0; path = Pods_MercadoBitcoinMock.framework; sourceTree = BUILT_PRODUCTS_DIR; };
		F23265F828D494744946CC4E /* Pods_MercadoBitcoinTests.framework */ = {isa = PBXFileReference; explicitFileType = wrapper.framework; includeInIndex = 0; path = Pods_MercadoBitcoinTests.framework; sourceTree = BUILT_PRODUCTS_DIR; };
		F285E766D7B2777733C6D5F9 /* Pods-MercadoBitcoin-MercadoBitcoinUITests.release.xcconfig */ = {isa = PBXFileReference; includeInIndex = 1; lastKnownFileType = text.xcconfig; name = "Pods-MercadoBitcoin-MercadoBitcoinUITests.release.xcconfig"; path = "Target Support Files/Pods-MercadoBitcoin-MercadoBitcoinUITests/Pods-MercadoBitcoin-MercadoBitcoinUITests.release.xcconfig"; sourceTree = "<group>"; };
		F3C5BB0801E82A74326337DA /* Pods-MercadoBitcoin.release.xcconfig */ = {isa = PBXFileReference; includeInIndex = 1; lastKnownFileType = text.xcconfig; name = "Pods-MercadoBitcoin.release.xcconfig"; path = "Target Support Files/Pods-MercadoBitcoin/Pods-MercadoBitcoin.release.xcconfig"; sourceTree = "<group>"; };
		F4A803948A56BB7FEF033A05 /* Pods-MercadoBitcoinMock.release.xcconfig */ = {isa = PBXFileReference; includeInIndex = 1; lastKnownFileType = text.xcconfig; name = "Pods-MercadoBitcoinMock.release.xcconfig"; path = "Target Support Files/Pods-MercadoBitcoinMock/Pods-MercadoBitcoinMock.release.xcconfig"; sourceTree = "<group>"; };
/* End PBXFileReference section */

/* Begin PBXFrameworksBuildPhase section */
		1423EE8729970F8900D4B59E /* Frameworks */ = {
			isa = PBXFrameworksBuildPhase;
			buildActionMask = 2147483647;
			files = (
				26212B37382B3C7C51D40765 /* Pods_MercadoBitcoinMock.framework in Frameworks */,
			);
			runOnlyForDeploymentPostprocessing = 0;
		};
		147ED4B4299494280021332D /* Frameworks */ = {
			isa = PBXFrameworksBuildPhase;
			buildActionMask = 2147483647;
			files = (
				21CE14F9EBB6588754B030FF /* Pods_MercadoBitcoin.framework in Frameworks */,
			);
			runOnlyForDeploymentPostprocessing = 0;
		};
		147ED4CA2994942A0021332D /* Frameworks */ = {
			isa = PBXFrameworksBuildPhase;
			buildActionMask = 2147483647;
			files = (
				24A3FBF5E2AB54709E8123DA /* Pods_MercadoBitcoinTests.framework in Frameworks */,
			);
			runOnlyForDeploymentPostprocessing = 0;
		};
		147ED4D42994942A0021332D /* Frameworks */ = {
			isa = PBXFrameworksBuildPhase;
			buildActionMask = 2147483647;
			files = (
				BE373EEE3CF53AB7F0169AF3 /* Pods_MercadoBitcoin_MercadoBitcoinUITests.framework in Frameworks */,
			);
			runOnlyForDeploymentPostprocessing = 0;
		};
/* End PBXFrameworksBuildPhase section */

/* Begin PBXGroup section */
		0A64D7A1172C17F17E86D4B5 /* Pods */ = {
			isa = PBXGroup;
			children = (
				9F13EE45F7F0D7E94DF7E898 /* Pods-MercadoBitcoin.debug.xcconfig */,
				F3C5BB0801E82A74326337DA /* Pods-MercadoBitcoin.release.xcconfig */,
				780256F1C8B0633C3EB55AA6 /* Pods-MercadoBitcoin-MercadoBitcoinUITests.debug.xcconfig */,
				F285E766D7B2777733C6D5F9 /* Pods-MercadoBitcoin-MercadoBitcoinUITests.release.xcconfig */,
				E1B7BF80F870B8E1A262A60A /* Pods-MercadoBitcoinMock.debug.xcconfig */,
				F4A803948A56BB7FEF033A05 /* Pods-MercadoBitcoinMock.release.xcconfig */,
				C55D1393B89DD85BDC2F8B5E /* Pods-MercadoBitcoinTests.debug.xcconfig */,
				E6A364A61CC282CBF3030A97 /* Pods-MercadoBitcoinTests.release.xcconfig */,
			);
			path = Pods;
			sourceTree = "<group>";
		};
		1423EE9029970FDC00D4B59E /* NetworkProviderMock */ = {
			isa = PBXGroup;
			children = (
				147ED4F2299496AC0021332D /* NetworkProvider.swift */,
			);
			path = NetworkProviderMock;
			sourceTree = "<group>";
		};
		147ED4AE299494270021332D = {
			isa = PBXGroup;
			children = (
				147ED4B9299494280021332D /* MercadoBitcoin */,
				147ED4D02994942A0021332D /* MercadoBitcoinTests */,
				147ED4DA2994942A0021332D /* MercadoBitcoinUITests */,
				147ED4B8299494280021332D /* Products */,
				0A64D7A1172C17F17E86D4B5 /* Pods */,
				4C03BC47DB693A6A6EF01F67 /* Frameworks */,
			);
			sourceTree = "<group>";
		};
		147ED4B8299494280021332D /* Products */ = {
			isa = PBXGroup;
			children = (
				147ED4B7299494280021332D /* MercadoBitcoin.app */,
				147ED4CD2994942A0021332D /* MercadoBitcoinTests.xctest */,
				147ED4D72994942A0021332D /* MercadoBitcoinUITests.xctest */,
				1423EE8E29970F8900D4B59E /* MercadoBitcoinMock.app */,
			);
			name = Products;
			sourceTree = "<group>";
		};
		147ED4B9299494280021332D /* MercadoBitcoin */ = {
			isa = PBXGroup;
			children = (
				147ED4EA299495430021332D /* Application */,
				147ED4EF299495910021332D /* Network */,
				147ED4EE299495760021332D /* Model */,
				147ED4ED299495710021332D /* View */,
				147ED4EC299495650021332D /* ViewModel */,
				147ED4EB2994955D0021332D /* Controllers */,
				147ED4FC2994B18E0021332D /* Helpers */,
				1423EE9029970FDC00D4B59E /* NetworkProviderMock */,
				147ED4C82994942A0021332D /* Info.plist */,
			);
			path = MercadoBitcoin;
			sourceTree = "<group>";
		};
		147ED4D02994942A0021332D /* MercadoBitcoinTests */ = {
			isa = PBXGroup;
			children = (
				147ED4D12994942A0021332D /* MercadoBitcoinTests.swift */,
				14460B752A15BFB400C4DA54 /* MercadoBitcoinSnapshotTests.swift */,
			);
			path = MercadoBitcoinTests;
			sourceTree = "<group>";
		};
		147ED4DA2994942A0021332D /* MercadoBitcoinUITests */ = {
			isa = PBXGroup;
			children = (
				147ED4DB2994942A0021332D /* MercadoBitcoinUITests.swift */,
				147ED4DD2994942A0021332D /* MercadoBitcoinUITestsLaunchTests.swift */,
			);
			path = MercadoBitcoinUITests;
			sourceTree = "<group>";
		};
		147ED4EA299495430021332D /* Application */ = {
			isa = PBXGroup;
			children = (
				147ED4BA299494280021332D /* AppDelegate.swift */,
				147ED4BC299494280021332D /* SceneDelegate.swift */,
				147ED4C32994942A0021332D /* Assets.xcassets */,
				147ED4C52994942A0021332D /* LaunchScreen.storyboard */,
			);
			path = Application;
			sourceTree = "<group>";
		};
		147ED4EB2994955D0021332D /* Controllers */ = {
			isa = PBXGroup;
			children = (
				14460B6A2A15A7BA00C4DA54 /* BaseViewController.swift */,
				147ED4BE299494280021332D /* MainViewController.swift */,
				147ED5062994CB7A0021332D /* DetailViewController.swift */,
			);
			path = Controllers;
			sourceTree = "<group>";
		};
		147ED4EC299495650021332D /* ViewModel */ = {
			isa = PBXGroup;
			children = (
				147ED4FA2994AE9E0021332D /* BitcoinListViewModel.swift */,
				147ED50B29953FF30021332D /* AlertViewModel.swift */,
			);
			path = ViewModel;
			sourceTree = "<group>";
		};
		147ED4ED299495710021332D /* View */ = {
			isa = PBXGroup;
			children = (
				147ED4FF2994B5E40021332D /* BitcoinList */,
				147ED508299539250021332D /* Detail */,
				147ED50F2995477B0021332D /* Error */,
			);
			path = View;
			sourceTree = "<group>";
		};
		147ED4EE299495760021332D /* Model */ = {
			isa = PBXGroup;
			children = (
				147ED4F0299495DB0021332D /* Exchanges.swift */,
			);
			path = Model;
			sourceTree = "<group>";
		};
		147ED4EF299495910021332D /* Network */ = {
			isa = PBXGroup;
			children = (
				147ED4F4299496AC0021332D /* Endpoint.swift */,
				147ED4F3299496AC0021332D /* NetworkError.swift */,
				1423EE9129970FF300D4B59E /* NetworkProvider.swift */,
			);
			path = Network;
			sourceTree = "<group>";
		};
		147ED4FC2994B18E0021332D /* Helpers */ = {
			isa = PBXGroup;
			children = (
				147ED50D2995422B0021332D /* ErrorHandler.swift */,
				147ED4FD2994B19F0021332D /* Extension+UIView.swift */,
				147ED5022994B6450021332D /* Extension+UITableView.swift */,
				147ED5042994BA560021332D /* Extension+UIViewController.swift */,
				1423EE5429970AF800D4B59E /* Extension+Bundle.swift */,
			);
			path = Helpers;
			sourceTree = "<group>";
		};
		147ED4FF2994B5E40021332D /* BitcoinList */ = {
			isa = PBXGroup;
			children = (
				147ED4F82994A9AA0021332D /* BitcoinListView.swift */,
				147ED5002994B60A0021332D /* BitcoinListTableViewCell.swift */,
			);
			path = BitcoinList;
			sourceTree = "<group>";
		};
		147ED508299539250021332D /* Detail */ = {
			isa = PBXGroup;
			children = (
				147ED5092995395A0021332D /* DetailsView.swift */,
			);
			path = Detail;
			sourceTree = "<group>";
		};
		147ED50F2995477B0021332D /* Error */ = {
			isa = PBXGroup;
			children = (
				147ED510299547960021332D /* ErrorView.swift */,
			);
			name = Error;
			sourceTree = "<group>";
		};
		4C03BC47DB693A6A6EF01F67 /* Frameworks */ = {
			isa = PBXGroup;
			children = (
				264E10079BFAFCBB103CC34D /* Pods_MercadoBitcoin.framework */,
				E7D830A5C32F6D0BE8D276C3 /* Pods_MercadoBitcoin_MercadoBitcoinUITests.framework */,
				E96466DF88F7CFF9EDC3304E /* Pods_MercadoBitcoinMock.framework */,
				F23265F828D494744946CC4E /* Pods_MercadoBitcoinTests.framework */,
			);
			name = Frameworks;
			sourceTree = "<group>";
		};
/* End PBXGroup section */

/* Begin PBXNativeTarget section */
		1423EE7229970F8900D4B59E /* MercadoBitcoinMock */ = {
			isa = PBXNativeTarget;
			buildConfigurationList = 1423EE8B29970F8900D4B59E /* Build configuration list for PBXNativeTarget "MercadoBitcoinMock" */;
			buildPhases = (
				8607CFA55AA91C2A2BB9D457 /* [CP] Check Pods Manifest.lock */,
				1423EE7329970F8900D4B59E /* Sources */,
				1423EE8729970F8900D4B59E /* Frameworks */,
				1423EE8829970F8900D4B59E /* Resources */,
			);
			buildRules = (
			);
			dependencies = (
			);
			name = MercadoBitcoinMock;
			productName = MercadoBitcoin;
			productReference = 1423EE8E29970F8900D4B59E /* MercadoBitcoinMock.app */;
			productType = "com.apple.product-type.application";
		};
		147ED4B6299494280021332D /* MercadoBitcoin */ = {
			isa = PBXNativeTarget;
			buildConfigurationList = 147ED4E12994942A0021332D /* Build configuration list for PBXNativeTarget "MercadoBitcoin" */;
			buildPhases = (
				3790D57607C484BFDDC9D850 /* [CP] Check Pods Manifest.lock */,
				147ED4B3299494280021332D /* Sources */,
				147ED4B4299494280021332D /* Frameworks */,
				147ED4B5299494280021332D /* Resources */,
			);
			buildRules = (
			);
			dependencies = (
			);
			name = MercadoBitcoin;
			productName = MercadoBitcoin;
			productReference = 147ED4B7299494280021332D /* MercadoBitcoin.app */;
			productType = "com.apple.product-type.application";
		};
		147ED4CC2994942A0021332D /* MercadoBitcoinTests */ = {
			isa = PBXNativeTarget;
			buildConfigurationList = 147ED4E42994942A0021332D /* Build configuration list for PBXNativeTarget "MercadoBitcoinTests" */;
			buildPhases = (
				D1C4FAB368FCDCC2B6598EC5 /* [CP] Check Pods Manifest.lock */,
				147ED4C92994942A0021332D /* Sources */,
				147ED4CA2994942A0021332D /* Frameworks */,
				147ED4CB2994942A0021332D /* Resources */,
				72030E80AF20726DE5EC302E /* [CP] Embed Pods Frameworks */,
			);
			buildRules = (
			);
			dependencies = (
				147ED4CF2994942A0021332D /* PBXTargetDependency */,
				14494754299732D0004BA665 /* PBXTargetDependency */,
			);
			name = MercadoBitcoinTests;
			productName = MercadoBitcoinTests;
			productReference = 147ED4CD2994942A0021332D /* MercadoBitcoinTests.xctest */;
			productType = "com.apple.product-type.bundle.unit-test";
		};
		147ED4D62994942A0021332D /* MercadoBitcoinUITests */ = {
			isa = PBXNativeTarget;
			buildConfigurationList = 147ED4E72994942A0021332D /* Build configuration list for PBXNativeTarget "MercadoBitcoinUITests" */;
			buildPhases = (
				337C65A4808BC4EC70FA046C /* [CP] Check Pods Manifest.lock */,
				147ED4D32994942A0021332D /* Sources */,
				147ED4D42994942A0021332D /* Frameworks */,
				147ED4D52994942A0021332D /* Resources */,
			);
			buildRules = (
			);
			dependencies = (
				147ED4D92994942A0021332D /* PBXTargetDependency */,
				1449475229972B51004BA665 /* PBXTargetDependency */,
			);
			name = MercadoBitcoinUITests;
			productName = MercadoBitcoinUITests;
			productReference = 147ED4D72994942A0021332D /* MercadoBitcoinUITests.xctest */;
			productType = "com.apple.product-type.bundle.ui-testing";
		};
/* End PBXNativeTarget section */

/* Begin PBXProject section */
		147ED4AF299494270021332D /* Project object */ = {
			isa = PBXProject;
			attributes = {
				BuildIndependentTargetsInParallel = 1;
				LastSwiftUpdateCheck = 1420;
				LastUpgradeCheck = 1420;
				TargetAttributes = {
					147ED4B6299494280021332D = {
						CreatedOnToolsVersion = 14.2;
					};
					147ED4CC2994942A0021332D = {
						CreatedOnToolsVersion = 14.2;
						TestTargetID = 147ED4B6299494280021332D;
					};
					147ED4D62994942A0021332D = {
						CreatedOnToolsVersion = 14.2;
						TestTargetID = 1423EE7229970F8900D4B59E;
					};
				};
			};
			buildConfigurationList = 147ED4B2299494270021332D /* Build configuration list for PBXProject "MercadoBitcoin" */;
			compatibilityVersion = "Xcode 14.0";
			developmentRegion = en;
			hasScannedForEncodings = 0;
			knownRegions = (
				en,
				Base,
			);
			mainGroup = 147ED4AE299494270021332D;
			productRefGroup = 147ED4B8299494280021332D /* Products */;
			projectDirPath = "";
			projectRoot = "";
			targets = (
				147ED4B6299494280021332D /* MercadoBitcoin */,
				147ED4CC2994942A0021332D /* MercadoBitcoinTests */,
				147ED4D62994942A0021332D /* MercadoBitcoinUITests */,
				1423EE7229970F8900D4B59E /* MercadoBitcoinMock */,
			);
		};
/* End PBXProject section */

/* Begin PBXResourcesBuildPhase section */
		1423EE8829970F8900D4B59E /* Resources */ = {
			isa = PBXResourcesBuildPhase;
			buildActionMask = 2147483647;
			files = (
				1423EE8929970F8900D4B59E /* LaunchScreen.storyboard in Resources */,
				1423EE8A29970F8900D4B59E /* Assets.xcassets in Resources */,
			);
			runOnlyForDeploymentPostprocessing = 0;
		};
		147ED4B5299494280021332D /* Resources */ = {
			isa = PBXResourcesBuildPhase;
			buildActionMask = 2147483647;
			files = (
				147ED4C72994942A0021332D /* LaunchScreen.storyboard in Resources */,
				147ED4C42994942A0021332D /* Assets.xcassets in Resources */,
			);
			runOnlyForDeploymentPostprocessing = 0;
		};
		147ED4CB2994942A0021332D /* Resources */ = {
			isa = PBXResourcesBuildPhase;
			buildActionMask = 2147483647;
			files = (
			);
			runOnlyForDeploymentPostprocessing = 0;
		};
		147ED4D52994942A0021332D /* Resources */ = {
			isa = PBXResourcesBuildPhase;
			buildActionMask = 2147483647;
			files = (
			);
			runOnlyForDeploymentPostprocessing = 0;
		};
/* End PBXResourcesBuildPhase section */

/* Begin PBXShellScriptBuildPhase section */
		337C65A4808BC4EC70FA046C /* [CP] Check Pods Manifest.lock */ = {
			isa = PBXShellScriptBuildPhase;
			buildActionMask = 2147483647;
			files = (
			);
			inputFileListPaths = (
			);
			inputPaths = (
				"${PODS_PODFILE_DIR_PATH}/Podfile.lock",
				"${PODS_ROOT}/Manifest.lock",
			);
			name = "[CP] Check Pods Manifest.lock";
			outputFileListPaths = (
			);
			outputPaths = (
				"$(DERIVED_FILE_DIR)/Pods-MercadoBitcoin-MercadoBitcoinUITests-checkManifestLockResult.txt",
			);
			runOnlyForDeploymentPostprocessing = 0;
			shellPath = /bin/sh;
			shellScript = "diff \"${PODS_PODFILE_DIR_PATH}/Podfile.lock\" \"${PODS_ROOT}/Manifest.lock\" > /dev/null\nif [ $? != 0 ] ; then\n    # print error to STDERR\n    echo \"error: The sandbox is not in sync with the Podfile.lock. Run 'pod install' or update your CocoaPods installation.\" >&2\n    exit 1\nfi\n# This output is used by Xcode 'outputs' to avoid re-running this script phase.\necho \"SUCCESS\" > \"${SCRIPT_OUTPUT_FILE_0}\"\n";
			showEnvVarsInLog = 0;
		};
		3790D57607C484BFDDC9D850 /* [CP] Check Pods Manifest.lock */ = {
			isa = PBXShellScriptBuildPhase;
			buildActionMask = 2147483647;
			files = (
			);
			inputFileListPaths = (
			);
			inputPaths = (
				"${PODS_PODFILE_DIR_PATH}/Podfile.lock",
				"${PODS_ROOT}/Manifest.lock",
			);
			name = "[CP] Check Pods Manifest.lock";
			outputFileListPaths = (
			);
			outputPaths = (
				"$(DERIVED_FILE_DIR)/Pods-MercadoBitcoin-checkManifestLockResult.txt",
			);
			runOnlyForDeploymentPostprocessing = 0;
			shellPath = /bin/sh;
			shellScript = "diff \"${PODS_PODFILE_DIR_PATH}/Podfile.lock\" \"${PODS_ROOT}/Manifest.lock\" > /dev/null\nif [ $? != 0 ] ; then\n    # print error to STDERR\n    echo \"error: The sandbox is not in sync with the Podfile.lock. Run 'pod install' or update your CocoaPods installation.\" >&2\n    exit 1\nfi\n# This output is used by Xcode 'outputs' to avoid re-running this script phase.\necho \"SUCCESS\" > \"${SCRIPT_OUTPUT_FILE_0}\"\n";
			showEnvVarsInLog = 0;
		};
		72030E80AF20726DE5EC302E /* [CP] Embed Pods Frameworks */ = {
			isa = PBXShellScriptBuildPhase;
			buildActionMask = 2147483647;
			files = (
			);
			inputFileListPaths = (
				"${PODS_ROOT}/Target Support Files/Pods-MercadoBitcoinTests/Pods-MercadoBitcoinTests-frameworks-${CONFIGURATION}-input-files.xcfilelist",
			);
			name = "[CP] Embed Pods Frameworks";
			outputFileListPaths = (
				"${PODS_ROOT}/Target Support Files/Pods-MercadoBitcoinTests/Pods-MercadoBitcoinTests-frameworks-${CONFIGURATION}-output-files.xcfilelist",
			);
			runOnlyForDeploymentPostprocessing = 0;
			shellPath = /bin/sh;
			shellScript = "\"${PODS_ROOT}/Target Support Files/Pods-MercadoBitcoinTests/Pods-MercadoBitcoinTests-frameworks.sh\"\n";
			showEnvVarsInLog = 0;
		};
		8607CFA55AA91C2A2BB9D457 /* [CP] Check Pods Manifest.lock */ = {
			isa = PBXShellScriptBuildPhase;
			buildActionMask = 2147483647;
			files = (
			);
			inputFileListPaths = (
			);
			inputPaths = (
				"${PODS_PODFILE_DIR_PATH}/Podfile.lock",
				"${PODS_ROOT}/Manifest.lock",
			);
			name = "[CP] Check Pods Manifest.lock";
			outputFileListPaths = (
			);
			outputPaths = (
				"$(DERIVED_FILE_DIR)/Pods-MercadoBitcoinMock-checkManifestLockResult.txt",
			);
			runOnlyForDeploymentPostprocessing = 0;
			shellPath = /bin/sh;
			shellScript = "diff \"${PODS_PODFILE_DIR_PATH}/Podfile.lock\" \"${PODS_ROOT}/Manifest.lock\" > /dev/null\nif [ $? != 0 ] ; then\n    # print error to STDERR\n    echo \"error: The sandbox is not in sync with the Podfile.lock. Run 'pod install' or update your CocoaPods installation.\" >&2\n    exit 1\nfi\n# This output is used by Xcode 'outputs' to avoid re-running this script phase.\necho \"SUCCESS\" > \"${SCRIPT_OUTPUT_FILE_0}\"\n";
			showEnvVarsInLog = 0;
		};
		D1C4FAB368FCDCC2B6598EC5 /* [CP] Check Pods Manifest.lock */ = {
			isa = PBXShellScriptBuildPhase;
			buildActionMask = 2147483647;
			files = (
			);
			inputFileListPaths = (
			);
			inputPaths = (
				"${PODS_PODFILE_DIR_PATH}/Podfile.lock",
				"${PODS_ROOT}/Manifest.lock",
			);
			name = "[CP] Check Pods Manifest.lock";
			outputFileListPaths = (
			);
			outputPaths = (
				"$(DERIVED_FILE_DIR)/Pods-MercadoBitcoinTests-checkManifestLockResult.txt",
			);
			runOnlyForDeploymentPostprocessing = 0;
			shellPath = /bin/sh;
			shellScript = "diff \"${PODS_PODFILE_DIR_PATH}/Podfile.lock\" \"${PODS_ROOT}/Manifest.lock\" > /dev/null\nif [ $? != 0 ] ; then\n    # print error to STDERR\n    echo \"error: The sandbox is not in sync with the Podfile.lock. Run 'pod install' or update your CocoaPods installation.\" >&2\n    exit 1\nfi\n# This output is used by Xcode 'outputs' to avoid re-running this script phase.\necho \"SUCCESS\" > \"${SCRIPT_OUTPUT_FILE_0}\"\n";
			showEnvVarsInLog = 0;
		};
/* End PBXShellScriptBuildPhase section */

/* Begin PBXSourcesBuildPhase section */
		1423EE7329970F8900D4B59E /* Sources */ = {
			isa = PBXSourcesBuildPhase;
			buildActionMask = 2147483647;
			files = (
				1423EE7429970F8900D4B59E /* Endpoint.swift in Sources */,
				1423EE7529970F8900D4B59E /* Exchanges.swift in Sources */,
				1423EE7629970F8900D4B59E /* Extension+Bundle.swift in Sources */,
				1423EE7729970F8900D4B59E /* Extension+UIView.swift in Sources */,
				1423EE7829970F8900D4B59E /* AlertViewModel.swift in Sources */,
				142EE11E2A15CF66009191D8 /* BaseViewController.swift in Sources */,
				1423EE7929970F8900D4B59E /* MainViewController.swift in Sources */,
				1423EE7A29970F8900D4B59E /* AppDelegate.swift in Sources */,
				1423EE7B29970F8900D4B59E /* ErrorHandler.swift in Sources */,
				1449474F29971230004BA665 /* NetworkProvider.swift in Sources */,
				1423EE7C29970F8900D4B59E /* ErrorView.swift in Sources */,
				1423EE7D29970F8900D4B59E /* BitcoinListTableViewCell.swift in Sources */,
				1423EE7E29970F8900D4B59E /* BitcoinListViewModel.swift in Sources */,
				1423EE7F29970F8900D4B59E /* Extension+UITableView.swift in Sources */,
				1423EE8029970F8900D4B59E /* Extension+UIViewController.swift in Sources */,
				1423EE8129970F8900D4B59E /* NetworkError.swift in Sources */,
				1423EE8229970F8900D4B59E /* SceneDelegate.swift in Sources */,
				1423EE8329970F8900D4B59E /* DetailsView.swift in Sources */,
				1423EE8529970F8900D4B59E /* BitcoinListView.swift in Sources */,
				1423EE8629970F8900D4B59E /* DetailViewController.swift in Sources */,
			);
			runOnlyForDeploymentPostprocessing = 0;
		};
		147ED4B3299494280021332D /* Sources */ = {
			isa = PBXSourcesBuildPhase;
			buildActionMask = 2147483647;
			files = (
				147ED4F7299496AD0021332D /* Endpoint.swift in Sources */,
				147ED4F1299495DB0021332D /* Exchanges.swift in Sources */,
				1423EE5529970AF800D4B59E /* Extension+Bundle.swift in Sources */,
				147ED4FE2994B19F0021332D /* Extension+UIView.swift in Sources */,
				147ED50C29953FF30021332D /* AlertViewModel.swift in Sources */,
				14460B6B2A15A7BA00C4DA54 /* BaseViewController.swift in Sources */,
				147ED4BF299494280021332D /* MainViewController.swift in Sources */,
				147ED4BB299494280021332D /* AppDelegate.swift in Sources */,
				147ED50E2995422B0021332D /* ErrorHandler.swift in Sources */,
				144947502997125B004BA665 /* NetworkProvider.swift in Sources */,
				147ED511299547960021332D /* ErrorView.swift in Sources */,
				147ED5012994B60A0021332D /* BitcoinListTableViewCell.swift in Sources */,
				147ED4FB2994AE9E0021332D /* BitcoinListViewModel.swift in Sources */,
				147ED5032994B6450021332D /* Extension+UITableView.swift in Sources */,
				147ED5052994BA560021332D /* Extension+UIViewController.swift in Sources */,
				147ED4F6299496AD0021332D /* NetworkError.swift in Sources */,
				147ED4BD299494280021332D /* SceneDelegate.swift in Sources */,
				147ED50A2995395A0021332D /* DetailsView.swift in Sources */,
				147ED4F92994A9AA0021332D /* BitcoinListView.swift in Sources */,
				147ED5072994CB7A0021332D /* DetailViewController.swift in Sources */,
			);
			runOnlyForDeploymentPostprocessing = 0;
		};
		147ED4C92994942A0021332D /* Sources */ = {
			isa = PBXSourcesBuildPhase;
			buildActionMask = 2147483647;
			files = (
				14460B762A15BFB400C4DA54 /* MercadoBitcoinSnapshotTests.swift in Sources */,
				147ED4D22994942A0021332D /* MercadoBitcoinTests.swift in Sources */,
			);
			runOnlyForDeploymentPostprocessing = 0;
		};
		147ED4D32994942A0021332D /* Sources */ = {
			isa = PBXSourcesBuildPhase;
			buildActionMask = 2147483647;
			files = (
				147ED4DC2994942A0021332D /* MercadoBitcoinUITests.swift in Sources */,
				147ED4DE2994942A0021332D /* MercadoBitcoinUITestsLaunchTests.swift in Sources */,
			);
			runOnlyForDeploymentPostprocessing = 0;
		};
/* End PBXSourcesBuildPhase section */

/* Begin PBXTargetDependency section */
		1449475229972B51004BA665 /* PBXTargetDependency */ = {
			isa = PBXTargetDependency;
			target = 1423EE7229970F8900D4B59E /* MercadoBitcoinMock */;
			targetProxy = 1449475129972B51004BA665 /* PBXContainerItemProxy */;
		};
		14494754299732D0004BA665 /* PBXTargetDependency */ = {
			isa = PBXTargetDependency;
			target = 1423EE7229970F8900D4B59E /* MercadoBitcoinMock */;
			targetProxy = 14494753299732D0004BA665 /* PBXContainerItemProxy */;
		};
		147ED4CF2994942A0021332D /* PBXTargetDependency */ = {
			isa = PBXTargetDependency;
			target = 147ED4B6299494280021332D /* MercadoBitcoin */;
			targetProxy = 147ED4CE2994942A0021332D /* PBXContainerItemProxy */;
		};
		147ED4D92994942A0021332D /* PBXTargetDependency */ = {
			isa = PBXTargetDependency;
			target = 147ED4B6299494280021332D /* MercadoBitcoin */;
			targetProxy = 147ED4D82994942A0021332D /* PBXContainerItemProxy */;
		};
/* End PBXTargetDependency section */

/* Begin PBXVariantGroup section */
		147ED4C52994942A0021332D /* LaunchScreen.storyboard */ = {
			isa = PBXVariantGroup;
			children = (
				147ED4C62994942A0021332D /* Base */,
			);
			name = LaunchScreen.storyboard;
			sourceTree = "<group>";
		};
/* End PBXVariantGroup section */

/* Begin XCBuildConfiguration section */
		1423EE8C29970F8900D4B59E /* Debug */ = {
			isa = XCBuildConfiguration;
			baseConfigurationReference = E1B7BF80F870B8E1A262A60A /* Pods-MercadoBitcoinMock.debug.xcconfig */;
			buildSettings = {
				API_KEY = "ABFB41F3-AE27-400A-853F-B7E36C79FB50";
				ASSETCATALOG_COMPILER_APPICON_NAME = AppIcon;
				ASSETCATALOG_COMPILER_GLOBAL_ACCENT_COLOR_NAME = AccentColor;
				CODE_SIGN_STYLE = Automatic;
				CURRENT_PROJECT_VERSION = 1;
				DEVELOPMENT_TEAM = XE5D529J6R;
				ENDPOINT = /v1/exchanges;
				GENERATE_INFOPLIST_FILE = YES;
				HOST = rest.coinapi.io;
				INFOPLIST_FILE = MercadoBitcoin/Info.plist;
				INFOPLIST_KEY_UIApplicationSupportsIndirectInputEvents = YES;
				INFOPLIST_KEY_UILaunchStoryboardName = LaunchScreen;
				INFOPLIST_KEY_UISupportedInterfaceOrientations_iPad = "UIInterfaceOrientationPortrait UIInterfaceOrientationPortraitUpsideDown UIInterfaceOrientationLandscapeLeft UIInterfaceOrientationLandscapeRight";
				INFOPLIST_KEY_UISupportedInterfaceOrientations_iPhone = "UIInterfaceOrientationPortrait UIInterfaceOrientationLandscapeLeft UIInterfaceOrientationLandscapeRight";
				LD_RUNPATH_SEARCH_PATHS = (
					"$(inherited)",
					"@executable_path/Frameworks",
				);
				MARKETING_VERSION = 1.0;
				PRODUCT_BUNDLE_IDENTIFIER = com.njdevelopment.MercadoBitcoin;
				PRODUCT_NAME = "$(TARGET_NAME)";
				SCHEME = https;
				SWIFT_EMIT_LOC_STRINGS = YES;
				SWIFT_VERSION = 5.0;
				TARGETED_DEVICE_FAMILY = "1,2";
				TITLE = "Mercado Bitcoin";
			};
			name = Debug;
		};
		1423EE8D29970F8900D4B59E /* Release */ = {
			isa = XCBuildConfiguration;
			baseConfigurationReference = F4A803948A56BB7FEF033A05 /* Pods-MercadoBitcoinMock.release.xcconfig */;
			buildSettings = {
				API_KEY = "ABFB41F3-AE27-400A-853F-B7E36C79FB50";
				ASSETCATALOG_COMPILER_APPICON_NAME = AppIcon;
				ASSETCATALOG_COMPILER_GLOBAL_ACCENT_COLOR_NAME = AccentColor;
				CODE_SIGN_STYLE = Automatic;
				CURRENT_PROJECT_VERSION = 1;
				DEVELOPMENT_TEAM = XE5D529J6R;
				ENDPOINT = /v1/exchanges;
				GENERATE_INFOPLIST_FILE = YES;
				HOST = rest.coinapi.io;
				INFOPLIST_FILE = MercadoBitcoin/Info.plist;
				INFOPLIST_KEY_UIApplicationSupportsIndirectInputEvents = YES;
				INFOPLIST_KEY_UILaunchStoryboardName = LaunchScreen;
				INFOPLIST_KEY_UISupportedInterfaceOrientations_iPad = "UIInterfaceOrientationPortrait UIInterfaceOrientationPortraitUpsideDown UIInterfaceOrientationLandscapeLeft UIInterfaceOrientationLandscapeRight";
				INFOPLIST_KEY_UISupportedInterfaceOrientations_iPhone = "UIInterfaceOrientationPortrait UIInterfaceOrientationLandscapeLeft UIInterfaceOrientationLandscapeRight";
				LD_RUNPATH_SEARCH_PATHS = (
					"$(inherited)",
					"@executable_path/Frameworks",
				);
				MARKETING_VERSION = 1.0;
				PRODUCT_BUNDLE_IDENTIFIER = com.njdevelopment.MercadoBitcoin;
				PRODUCT_NAME = "$(TARGET_NAME)";
				SCHEME = https;
				SWIFT_EMIT_LOC_STRINGS = YES;
				SWIFT_VERSION = 5.0;
				TARGETED_DEVICE_FAMILY = "1,2";
				TITLE = "Mercado Bitcoin";
			};
			name = Release;
		};
		147ED4DF2994942A0021332D /* Debug */ = {
			isa = XCBuildConfiguration;
			buildSettings = {
				ALWAYS_SEARCH_USER_PATHS = NO;
				CLANG_ANALYZER_NONNULL = YES;
				CLANG_ANALYZER_NUMBER_OBJECT_CONVERSION = YES_AGGRESSIVE;
				CLANG_CXX_LANGUAGE_STANDARD = "gnu++20";
				CLANG_ENABLE_MODULES = YES;
				CLANG_ENABLE_OBJC_ARC = YES;
				CLANG_ENABLE_OBJC_WEAK = YES;
				CLANG_WARN_BLOCK_CAPTURE_AUTORELEASING = YES;
				CLANG_WARN_BOOL_CONVERSION = YES;
				CLANG_WARN_COMMA = YES;
				CLANG_WARN_CONSTANT_CONVERSION = YES;
				CLANG_WARN_DEPRECATED_OBJC_IMPLEMENTATIONS = YES;
				CLANG_WARN_DIRECT_OBJC_ISA_USAGE = YES_ERROR;
				CLANG_WARN_DOCUMENTATION_COMMENTS = YES;
				CLANG_WARN_EMPTY_BODY = YES;
				CLANG_WARN_ENUM_CONVERSION = YES;
				CLANG_WARN_INFINITE_RECURSION = YES;
				CLANG_WARN_INT_CONVERSION = YES;
				CLANG_WARN_NON_LITERAL_NULL_CONVERSION = YES;
				CLANG_WARN_OBJC_IMPLICIT_RETAIN_SELF = YES;
				CLANG_WARN_OBJC_LITERAL_CONVERSION = YES;
				CLANG_WARN_OBJC_ROOT_CLASS = YES_ERROR;
				CLANG_WARN_QUOTED_INCLUDE_IN_FRAMEWORK_HEADER = YES;
				CLANG_WARN_RANGE_LOOP_ANALYSIS = YES;
				CLANG_WARN_STRICT_PROTOTYPES = YES;
				CLANG_WARN_SUSPICIOUS_MOVE = YES;
				CLANG_WARN_UNGUARDED_AVAILABILITY = YES_AGGRESSIVE;
				CLANG_WARN_UNREACHABLE_CODE = YES;
				CLANG_WARN__DUPLICATE_METHOD_MATCH = YES;
				COPY_PHASE_STRIP = NO;
				DEBUG_INFORMATION_FORMAT = dwarf;
				ENABLE_STRICT_OBJC_MSGSEND = YES;
				ENABLE_TESTABILITY = YES;
				GCC_C_LANGUAGE_STANDARD = gnu11;
				GCC_DYNAMIC_NO_PIC = NO;
				GCC_NO_COMMON_BLOCKS = YES;
				GCC_OPTIMIZATION_LEVEL = 0;
				GCC_PREPROCESSOR_DEFINITIONS = (
					"DEBUG=1",
					"$(inherited)",
				);
				GCC_WARN_64_TO_32_BIT_CONVERSION = YES;
				GCC_WARN_ABOUT_RETURN_TYPE = YES_ERROR;
				GCC_WARN_UNDECLARED_SELECTOR = YES;
				GCC_WARN_UNINITIALIZED_AUTOS = YES_AGGRESSIVE;
				GCC_WARN_UNUSED_FUNCTION = YES;
				GCC_WARN_UNUSED_VARIABLE = YES;
				IPHONEOS_DEPLOYMENT_TARGET = 16.2;
				MTL_ENABLE_DEBUG_INFO = INCLUDE_SOURCE;
				MTL_FAST_MATH = YES;
				ONLY_ACTIVE_ARCH = YES;
				SDKROOT = iphoneos;
				SWIFT_ACTIVE_COMPILATION_CONDITIONS = DEBUG;
				SWIFT_OPTIMIZATION_LEVEL = "-Onone";
			};
			name = Debug;
		};
		147ED4E02994942A0021332D /* Release */ = {
			isa = XCBuildConfiguration;
			buildSettings = {
				ALWAYS_SEARCH_USER_PATHS = NO;
				CLANG_ANALYZER_NONNULL = YES;
				CLANG_ANALYZER_NUMBER_OBJECT_CONVERSION = YES_AGGRESSIVE;
				CLANG_CXX_LANGUAGE_STANDARD = "gnu++20";
				CLANG_ENABLE_MODULES = YES;
				CLANG_ENABLE_OBJC_ARC = YES;
				CLANG_ENABLE_OBJC_WEAK = YES;
				CLANG_WARN_BLOCK_CAPTURE_AUTORELEASING = YES;
				CLANG_WARN_BOOL_CONVERSION = YES;
				CLANG_WARN_COMMA = YES;
				CLANG_WARN_CONSTANT_CONVERSION = YES;
				CLANG_WARN_DEPRECATED_OBJC_IMPLEMENTATIONS = YES;
				CLANG_WARN_DIRECT_OBJC_ISA_USAGE = YES_ERROR;
				CLANG_WARN_DOCUMENTATION_COMMENTS = YES;
				CLANG_WARN_EMPTY_BODY = YES;
				CLANG_WARN_ENUM_CONVERSION = YES;
				CLANG_WARN_INFINITE_RECURSION = YES;
				CLANG_WARN_INT_CONVERSION = YES;
				CLANG_WARN_NON_LITERAL_NULL_CONVERSION = YES;
				CLANG_WARN_OBJC_IMPLICIT_RETAIN_SELF = YES;
				CLANG_WARN_OBJC_LITERAL_CONVERSION = YES;
				CLANG_WARN_OBJC_ROOT_CLASS = YES_ERROR;
				CLANG_WARN_QUOTED_INCLUDE_IN_FRAMEWORK_HEADER = YES;
				CLANG_WARN_RANGE_LOOP_ANALYSIS = YES;
				CLANG_WARN_STRICT_PROTOTYPES = YES;
				CLANG_WARN_SUSPICIOUS_MOVE = YES;
				CLANG_WARN_UNGUARDED_AVAILABILITY = YES_AGGRESSIVE;
				CLANG_WARN_UNREACHABLE_CODE = YES;
				CLANG_WARN__DUPLICATE_METHOD_MATCH = YES;
				COPY_PHASE_STRIP = NO;
				DEBUG_INFORMATION_FORMAT = "dwarf-with-dsym";
				ENABLE_NS_ASSERTIONS = NO;
				ENABLE_STRICT_OBJC_MSGSEND = YES;
				GCC_C_LANGUAGE_STANDARD = gnu11;
				GCC_NO_COMMON_BLOCKS = YES;
				GCC_WARN_64_TO_32_BIT_CONVERSION = YES;
				GCC_WARN_ABOUT_RETURN_TYPE = YES_ERROR;
				GCC_WARN_UNDECLARED_SELECTOR = YES;
				GCC_WARN_UNINITIALIZED_AUTOS = YES_AGGRESSIVE;
				GCC_WARN_UNUSED_FUNCTION = YES;
				GCC_WARN_UNUSED_VARIABLE = YES;
				IPHONEOS_DEPLOYMENT_TARGET = 16.2;
				MTL_ENABLE_DEBUG_INFO = NO;
				MTL_FAST_MATH = YES;
				SDKROOT = iphoneos;
				SWIFT_COMPILATION_MODE = wholemodule;
				SWIFT_OPTIMIZATION_LEVEL = "-O";
				VALIDATE_PRODUCT = YES;
			};
			name = Release;
		};
		147ED4E22994942A0021332D /* Debug */ = {
			isa = XCBuildConfiguration;
			baseConfigurationReference = 9F13EE45F7F0D7E94DF7E898 /* Pods-MercadoBitcoin.debug.xcconfig */;
			buildSettings = {
				API_KEY = "ABFB41F3-AE27-400A-853F-B7E36C79FB50";
				ASSETCATALOG_COMPILER_APPICON_NAME = AppIcon;
				ASSETCATALOG_COMPILER_GLOBAL_ACCENT_COLOR_NAME = AccentColor;
				CODE_SIGN_STYLE = Automatic;
				CURRENT_PROJECT_VERSION = 1;
				DEVELOPMENT_TEAM = XE5D529J6R;
				ENDPOINT = /v1/exchanges;
				GENERATE_INFOPLIST_FILE = YES;
				HOST = rest.coinapi.io;
				INFOPLIST_FILE = MercadoBitcoin/Info.plist;
				INFOPLIST_KEY_UIApplicationSupportsIndirectInputEvents = YES;
				INFOPLIST_KEY_UILaunchStoryboardName = LaunchScreen;
				INFOPLIST_KEY_UISupportedInterfaceOrientations = UIInterfaceOrientationPortrait;
				INFOPLIST_KEY_UISupportedInterfaceOrientations_iPad = "UIInterfaceOrientationLandscapeLeft UIInterfaceOrientationLandscapeRight UIInterfaceOrientationPortrait UIInterfaceOrientationPortraitUpsideDown";
				LD_RUNPATH_SEARCH_PATHS = (
					"$(inherited)",
					"@executable_path/Frameworks",
				);
				MARKETING_VERSION = 1.0;
				PRODUCT_BUNDLE_IDENTIFIER = com.njdevelopment.MercadoBitcoin;
				PRODUCT_NAME = "$(TARGET_NAME)";
				SCHEME = https;
				SWIFT_EMIT_LOC_STRINGS = YES;
				SWIFT_VERSION = 5.0;
				TARGETED_DEVICE_FAMILY = "1,2";
				TITLE = "Mercado Bitcoin";
			};
			name = Debug;
		};
		147ED4E32994942A0021332D /* Release */ = {
			isa = XCBuildConfiguration;
			baseConfigurationReference = F3C5BB0801E82A74326337DA /* Pods-MercadoBitcoin.release.xcconfig */;
			buildSettings = {
				API_KEY = "ABFB41F3-AE27-400A-853F-B7E36C79FB50";
				ASSETCATALOG_COMPILER_APPICON_NAME = AppIcon;
				ASSETCATALOG_COMPILER_GLOBAL_ACCENT_COLOR_NAME = AccentColor;
				CODE_SIGN_STYLE = Automatic;
				CURRENT_PROJECT_VERSION = 1;
				DEVELOPMENT_TEAM = XE5D529J6R;
				ENDPOINT = /v1/exchanges;
				GENERATE_INFOPLIST_FILE = YES;
				HOST = rest.coinapi.io;
				INFOPLIST_FILE = MercadoBitcoin/Info.plist;
				INFOPLIST_KEY_UIApplicationSupportsIndirectInputEvents = YES;
				INFOPLIST_KEY_UILaunchStoryboardName = LaunchScreen;
				INFOPLIST_KEY_UISupportedInterfaceOrientations = UIInterfaceOrientationPortrait;
				INFOPLIST_KEY_UISupportedInterfaceOrientations_iPad = "UIInterfaceOrientationLandscapeLeft UIInterfaceOrientationLandscapeRight UIInterfaceOrientationPortrait UIInterfaceOrientationPortraitUpsideDown";
				LD_RUNPATH_SEARCH_PATHS = (
					"$(inherited)",
					"@executable_path/Frameworks",
				);
				MARKETING_VERSION = 1.0;
				PRODUCT_BUNDLE_IDENTIFIER = com.njdevelopment.MercadoBitcoin;
				PRODUCT_NAME = "$(TARGET_NAME)";
				SCHEME = https;
				SWIFT_EMIT_LOC_STRINGS = YES;
				SWIFT_VERSION = 5.0;
				TARGETED_DEVICE_FAMILY = "1,2";
				TITLE = "Mercado Bitcoin";
			};
			name = Release;
		};
		147ED4E52994942A0021332D /* Debug */ = {
			isa = XCBuildConfiguration;
			baseConfigurationReference = C55D1393B89DD85BDC2F8B5E /* Pods-MercadoBitcoinTests.debug.xcconfig */;
			buildSettings = {
				ALWAYS_EMBED_SWIFT_STANDARD_LIBRARIES = YES;
				BUNDLE_LOADER = "$(TEST_HOST)";
				CODE_SIGN_STYLE = Automatic;
				CURRENT_PROJECT_VERSION = 1;
				DEVELOPMENT_TEAM = XE5D529J6R;
				GENERATE_INFOPLIST_FILE = YES;
				IPHONEOS_DEPLOYMENT_TARGET = 16.2;
				MARKETING_VERSION = 1.0;
				PRODUCT_BUNDLE_IDENTIFIER = com.njdevelopment.MercadoBitcoinTests;
				PRODUCT_NAME = "$(TARGET_NAME)";
				SWIFT_EMIT_LOC_STRINGS = NO;
				SWIFT_VERSION = 5.0;
				TARGETED_DEVICE_FAMILY = "1,2";
				TEST_HOST = "$(BUILT_PRODUCTS_DIR)/MercadoBitcoin.app/$(BUNDLE_EXECUTABLE_FOLDER_PATH)/MercadoBitcoin";
			};
			name = Debug;
		};
		147ED4E62994942A0021332D /* Release */ = {
			isa = XCBuildConfiguration;
			baseConfigurationReference = E6A364A61CC282CBF3030A97 /* Pods-MercadoBitcoinTests.release.xcconfig */;
			buildSettings = {
				ALWAYS_EMBED_SWIFT_STANDARD_LIBRARIES = YES;
				BUNDLE_LOADER = "$(TEST_HOST)";
				CODE_SIGN_STYLE = Automatic;
				CURRENT_PROJECT_VERSION = 1;
				DEVELOPMENT_TEAM = XE5D529J6R;
				GENERATE_INFOPLIST_FILE = YES;
				IPHONEOS_DEPLOYMENT_TARGET = 16.2;
				MARKETING_VERSION = 1.0;
				PRODUCT_BUNDLE_IDENTIFIER = com.njdevelopment.MercadoBitcoinTests;
				PRODUCT_NAME = "$(TARGET_NAME)";
				SWIFT_EMIT_LOC_STRINGS = NO;
				SWIFT_VERSION = 5.0;
				TARGETED_DEVICE_FAMILY = "1,2";
				TEST_HOST = "$(BUILT_PRODUCTS_DIR)/MercadoBitcoin.app/$(BUNDLE_EXECUTABLE_FOLDER_PATH)/MercadoBitcoin";
			};
			name = Release;
		};
		147ED4E82994942A0021332D /* Debug */ = {
			isa = XCBuildConfiguration;
			baseConfigurationReference = 780256F1C8B0633C3EB55AA6 /* Pods-MercadoBitcoin-MercadoBitcoinUITests.debug.xcconfig */;
			buildSettings = {
				ALWAYS_EMBED_SWIFT_STANDARD_LIBRARIES = YES;
				CODE_SIGN_STYLE = Automatic;
				CURRENT_PROJECT_VERSION = 1;
				DEVELOPMENT_TEAM = XE5D529J6R;
				GENERATE_INFOPLIST_FILE = YES;
				MARKETING_VERSION = 1.0;
				PRODUCT_BUNDLE_IDENTIFIER = com.njdevelopment.MercadoBitcoinUITests;
				PRODUCT_NAME = "$(TARGET_NAME)";
				SWIFT_EMIT_LOC_STRINGS = NO;
				SWIFT_VERSION = 5.0;
				TARGETED_DEVICE_FAMILY = "1,2";
				TEST_TARGET_NAME = MercadoBitcoinMock;
			};
			name = Debug;
		};
		147ED4E92994942A0021332D /* Release */ = {
			isa = XCBuildConfiguration;
			baseConfigurationReference = F285E766D7B2777733C6D5F9 /* Pods-MercadoBitcoin-MercadoBitcoinUITests.release.xcconfig */;
			buildSettings = {
				ALWAYS_EMBED_SWIFT_STANDARD_LIBRARIES = YES;
				CODE_SIGN_STYLE = Automatic;
				CURRENT_PROJECT_VERSION = 1;
				DEVELOPMENT_TEAM = XE5D529J6R;
				GENERATE_INFOPLIST_FILE = YES;
				MARKETING_VERSION = 1.0;
				PRODUCT_BUNDLE_IDENTIFIER = com.njdevelopment.MercadoBitcoinUITests;
				PRODUCT_NAME = "$(TARGET_NAME)";
				SWIFT_EMIT_LOC_STRINGS = NO;
				SWIFT_VERSION = 5.0;
				TARGETED_DEVICE_FAMILY = "1,2";
				TEST_TARGET_NAME = MercadoBitcoinMock;
			};
			name = Release;
		};
/* End XCBuildConfiguration section */

/* Begin XCConfigurationList section */
		1423EE8B29970F8900D4B59E /* Build configuration list for PBXNativeTarget "MercadoBitcoinMock" */ = {
			isa = XCConfigurationList;
			buildConfigurations = (
				1423EE8C29970F8900D4B59E /* Debug */,
				1423EE8D29970F8900D4B59E /* Release */,
			);
			defaultConfigurationIsVisible = 0;
			defaultConfigurationName = Release;
		};
		147ED4B2299494270021332D /* Build configuration list for PBXProject "MercadoBitcoin" */ = {
			isa = XCConfigurationList;
			buildConfigurations = (
				147ED4DF2994942A0021332D /* Debug */,
				147ED4E02994942A0021332D /* Release */,
			);
			defaultConfigurationIsVisible = 0;
			defaultConfigurationName = Release;
		};
		147ED4E12994942A0021332D /* Build configuration list for PBXNativeTarget "MercadoBitcoin" */ = {
			isa = XCConfigurationList;
			buildConfigurations = (
				147ED4E22994942A0021332D /* Debug */,
				147ED4E32994942A0021332D /* Release */,
			);
			defaultConfigurationIsVisible = 0;
			defaultConfigurationName = Release;
		};
		147ED4E42994942A0021332D /* Build configuration list for PBXNativeTarget "MercadoBitcoinTests" */ = {
			isa = XCConfigurationList;
			buildConfigurations = (
				147ED4E52994942A0021332D /* Debug */,
				147ED4E62994942A0021332D /* Release */,
			);
			defaultConfigurationIsVisible = 0;
			defaultConfigurationName = Release;
		};
		147ED4E72994942A0021332D /* Build configuration list for PBXNativeTarget "MercadoBitcoinUITests" */ = {
			isa = XCConfigurationList;
			buildConfigurations = (
				147ED4E82994942A0021332D /* Debug */,
				147ED4E92994942A0021332D /* Release */,
			);
			defaultConfigurationIsVisible = 0;
			defaultConfigurationName = Release;
		};
/* End XCConfigurationList section */
	};
	rootObject = 147ED4AF299494270021332D /* Project object */;
}
